
Microsoft Visual Studio Solution File, Format Version 12.00
# Visual Studio Version 17
VisualStudioVersion = 17.0.31919.166
MinimumVisualStudioVersion = 10.0.40219.1
Project("{FAE04EC0-301F-11D3-BF4B-00C04F79EFBC}") = "Site", "Site\Site.csproj", "{A34B9181-9358-4A73-B800-4C6B7BA0FA2A}"
EndProject
Project("{FAE04EC0-301F-11D3-BF4B-00C04F79EFBC}") = "Data", "Data\Data.csproj", "{874D4A7F-E47B-4E16-BCA8-022780400114}"
EndProject
Global
	GlobalSection(SolutionConfigurationPlatforms) = preSolution
		Debug|Any CPU = Debug|Any CPU
		Release|Any CPU = Release|Any CPU
	EndGlobalSection
	GlobalSection(ProjectConfigurationPlatforms) = postSolution
		{A34B9181-9358-4A73-B800-4C6B7BA0FA2A}.Debug|Any CPU.ActiveCfg = Debug|Any CPU
		{A34B9181-9358-4A73-B800-4C6B7BA0FA2A}.Debug|Any CPU.Build.0 = Debug|Any CPU
		{A34B9181-9358-4A73-B800-4C6B7BA0FA2A}.Release|Any CPU.ActiveCfg = Release|Any CPU
		{A34B9181-9358-4A73-B800-4C6B7BA0FA2A}.Release|Any CPU.Build.0 = Release|Any CPU
		{874D4A7F-E47B-4E16-BCA8-022780400114}.Debug|Any CPU.ActiveCfg = Debug|Any CPU
		{874D4A7F-E47B-4E16-BCA8-022780400114}.Debug|Any CPU.Build.0 = Debug|Any CPU
		{874D4A7F-E47B-4E16-BCA8-022780400114}.Release|Any CPU.ActiveCfg = Release|Any CPU
		{874D4A7F-E47B-4E16-BCA8-022780400114}.Release|Any CPU.Build.0 = Release|Any CPU
	EndGlobalSection
	GlobalSection(SolutionProperties) = preSolution
		HideSolutionNode = FALSE
	EndGlobalSection
	GlobalSection(ExtensibilityGlobals) = postSolution
		SolutionGuid = {DBC2A2CA-4909-4680-ADB4-0CA52018BFDE}
	EndGlobalSection
EndGlobal
